
Microsoft Visual Studio Solution File, Format Version 12.00
# Visual Studio 15
VisualStudioVersion = 15.0.26730.15
MinimumVisualStudioVersion = 10.0.40219.1
Project("{FAE04EC0-301F-11D3-BF4B-00C04F79EFBC}") = "Hello World", "Hello World\Hello World.csproj", "{26857EDF-7AA4-4DBB-9E08-54295C767038}"
EndProject
Global
	GlobalSection(SolutionConfigurationPlatforms) = preSolution
		Debug|Any CPU = Debug|Any CPU
		Release|Any CPU = Release|Any CPU
	EndGlobalSection
	GlobalSection(ProjectConfigurationPlatforms) = postSolution
		{26857EDF-7AA4-4DBB-9E08-54295C767038}.Debug|Any CPU.ActiveCfg = Debug|Any CPU
		{26857EDF-7AA4-4DBB-9E08-54295C767038}.Debug|Any CPU.Build.0 = Debug|Any CPU
		{26857EDF-7AA4-4DBB-9E08-54295C767038}.Release|Any CPU.ActiveCfg = Release|Any CPU
		{26857EDF-7AA4-4DBB-9E08-54295C767038}.Release|Any CPU.Build.0 = Release|Any CPU
	EndGlobalSection
	GlobalSection(SolutionProperties) = preSolution
		HideSolutionNode = FALSE
	EndGlobalSection
	GlobalSection(ExtensibilityGlobals) = postSolution
		SolutionGuid = {0BBB6EC0-D7B8-4428-8450-0E512D527E32}
	EndGlobalSection
EndGlobal
